
Microsoft Visual Studio Solution File, Format Version 12.00
# Visual Studio 14
VisualStudioVersion = 14.0.25420.1
MinimumVisualStudioVersion = 10.0.40219.1
Project("{FAE04EC0-301F-11D3-BF4B-00C04F79EFBC}") = "eCommerce.Contracts", "eCommerce.Contracts\eCommerce.Contracts.csproj", "{15A49EAC-260C-4D15-8309-202767800A44}"
EndProject
Project("{FAE04EC0-301F-11D3-BF4B-00C04F79EFBC}") = "eCommerce.DAL", "eCommerce.DAL\eCommerce.DAL.csproj", "{B0725A9B-49BE-4DB6-B24B-D5ECFD0E9D04}"
EndProject
Project("{FAE04EC0-301F-11D3-BF4B-00C04F79EFBC}") = "eCommerce.Model", "eCommerce.Model\eCommerce.Model.csproj", "{843A9CE7-D0E3-4295-A5AA-9044C359684C}"
EndProject
Project("{FAE04EC0-301F-11D3-BF4B-00C04F79EFBC}") = "eCommerce.WebUI", "eCommerce.WebUI\eCommerce.WebUI.csproj", "{BA32AF82-E538-4B04-B8AE-3899CA21ABD6}"
EndProject
Global
	GlobalSection(SolutionConfigurationPlatforms) = preSolution
		Debug|Any CPU = Debug|Any CPU
		Release|Any CPU = Release|Any CPU
	EndGlobalSection
	GlobalSection(ProjectConfigurationPlatforms) = postSolution
		{15A49EAC-260C-4D15-8309-202767800A44}.Debug|Any CPU.ActiveCfg = Debug|Any CPU
		{15A49EAC-260C-4D15-8309-202767800A44}.Debug|Any CPU.Build.0 = Debug|Any CPU
		{15A49EAC-260C-4D15-8309-202767800A44}.Release|Any CPU.ActiveCfg = Release|Any CPU
		{15A49EAC-260C-4D15-8309-202767800A44}.Release|Any CPU.Build.0 = Release|Any CPU
		{B0725A9B-49BE-4DB6-B24B-D5ECFD0E9D04}.Debug|Any CPU.ActiveCfg = Debug|Any CPU
		{B0725A9B-49BE-4DB6-B24B-D5ECFD0E9D04}.Debug|Any CPU.Build.0 = Debug|Any CPU
		{B0725A9B-49BE-4DB6-B24B-D5ECFD0E9D04}.Release|Any CPU.ActiveCfg = Release|Any CPU
		{B0725A9B-49BE-4DB6-B24B-D5ECFD0E9D04}.Release|Any CPU.Build.0 = Release|Any CPU
		{843A9CE7-D0E3-4295-A5AA-9044C359684C}.Debug|Any CPU.ActiveCfg = Debug|Any CPU
		{843A9CE7-D0E3-4295-A5AA-9044C359684C}.Debug|Any CPU.Build.0 = Debug|Any CPU
		{843A9CE7-D0E3-4295-A5AA-9044C359684C}.Release|Any CPU.ActiveCfg = Release|Any CPU
		{843A9CE7-D0E3-4295-A5AA-9044C359684C}.Release|Any CPU.Build.0 = Release|Any CPU
		{BA32AF82-E538-4B04-B8AE-3899CA21ABD6}.Debug|Any CPU.ActiveCfg = Debug|Any CPU
		{BA32AF82-E538-4B04-B8AE-3899CA21ABD6}.Debug|Any CPU.Build.0 = Debug|Any CPU
		{BA32AF82-E538-4B04-B8AE-3899CA21ABD6}.Release|Any CPU.ActiveCfg = Release|Any CPU
		{BA32AF82-E538-4B04-B8AE-3899CA21ABD6}.Release|Any CPU.Build.0 = Release|Any CPU
	EndGlobalSection
	GlobalSection(SolutionProperties) = preSolution
		HideSolutionNode = FALSE
	EndGlobalSection
EndGlobal
